
Microsoft Visual Studio Solution File, Format Version 12.00
# Visual Studio Version 16
VisualStudioVersion = 16.0.30611.23
MinimumVisualStudioVersion = 10.0.40219.1
Project("{8BC9CEB8-8B4A-11D0-8D11-00A0C91BC942}") = "SerialPortService", "SerialPortService.vcxproj", "{006E085A-46F1-40C2-BA57-E1313C8966F7}"
EndProject
Project("{8BC9CEB8-8B4A-11D0-8D11-00A0C91BC942}") = "STLUtils", "..\STLUtils\STLUtils.vcxproj", "{98179949-D2E6-4E63-B756-C0100EA19115}"
EndProject
Project("{8BC9CEB8-8B4A-11D0-8D11-00A0C91BC942}") = "FoxLib", "..\FoxLib\FoxLib.vcxproj", "{B21F15F5-0938-40CE-898B-14DB31756BEF}"
EndProject
Project("{8BC9CEB8-8B4A-11D0-8D11-00A0C91BC942}") = "UUIDUtils", "..\UUIDUtils\UUIDUtils.vcxproj", "{A6422947-9285-4DEE-95EE-A3C8B2D8F427}"
EndProject
Project("{8BC9CEB8-8B4A-11D0-8D11-00A0C91BC942}") = "LiteTask", "..\LiteTask\LiteTask.vcxproj", "{290697CE-6B88-4D61-9FFB-C7805A598671}"
EndProject
Project("{8BC9CEB8-8B4A-11D0-8D11-00A0C91BC942}") = "FoxSocket", "..\FoxSocket\FoxSocket.vcxproj", "{84B06743-7D94-45BA-83B5-90B777B808B6}"
EndProject
Project("{8BC9CEB8-8B4A-11D0-8D11-00A0C91BC942}") = "FoxDef", "..\FoxDef\FoxDef.vcxproj", "{F65DE489-BC6A-4ADD-AFA0-98EED08D3FFC}"
EndProject
Project("{8BC9CEB8-8B4A-11D0-8D11-00A0C91BC942}") = "FoxFile", "..\FoxFile\FoxFile.vcxproj", "{611876DB-8D8D-4E54-973E-6C67E0731B87}"
EndProject
Project("{8BC9CEB8-8B4A-11D0-8D11-00A0C91BC942}") = "FoxLogger", "..\FoxLogger\FoxLogger.vcxproj", "{23242466-3FA2-4656-B7A6-FE77BEA44A99}"
EndProject
Project("{8BC9CEB8-8B4A-11D0-8D11-00A0C91BC942}") = "FoxTime", "..\FoxTime\FoxTime.vcxproj", "{C4613D98-E7A9-4C2C-A2F8-8DB54EEE5D5D}"
EndProject
Project("{8BC9CEB8-8B4A-11D0-8D11-00A0C91BC942}") = "FoxStty", "..\FoxStty\FoxStty.vcxproj", "{D9A06C84-509D-48B6-8740-D8E7F1355B09}"
EndProject
Project("{8BC9CEB8-8B4A-11D0-8D11-00A0C91BC942}") = "FoxJSon", "..\FoxJSon\FoxJSon.vcxproj", "{445E0C6F-4CB3-4210-B160-17C12B0ACB18}"
EndProject
Global
	GlobalSection(SolutionConfigurationPlatforms) = preSolution
		Debug|ARM = Debug|ARM
		Debug|ARM64 = Debug|ARM64
		Debug|x64 = Debug|x64
		Debug|x86 = Debug|x86
		Release|ARM = Release|ARM
		Release|ARM64 = Release|ARM64
		Release|x64 = Release|x64
		Release|x86 = Release|x86
	EndGlobalSection
	GlobalSection(ProjectConfigurationPlatforms) = postSolution
		{006E085A-46F1-40C2-BA57-E1313C8966F7}.Debug|ARM.ActiveCfg = Debug|ARM
		{006E085A-46F1-40C2-BA57-E1313C8966F7}.Debug|ARM.Build.0 = Debug|ARM
		{006E085A-46F1-40C2-BA57-E1313C8966F7}.Debug|ARM.Deploy.0 = Debug|ARM
		{006E085A-46F1-40C2-BA57-E1313C8966F7}.Debug|ARM64.ActiveCfg = Debug|ARM64
		{006E085A-46F1-40C2-BA57-E1313C8966F7}.Debug|ARM64.Build.0 = Debug|ARM64
		{006E085A-46F1-40C2-BA57-E1313C8966F7}.Debug|ARM64.Deploy.0 = Debug|ARM64
		{006E085A-46F1-40C2-BA57-E1313C8966F7}.Debug|x64.ActiveCfg = Debug|x64
		{006E085A-46F1-40C2-BA57-E1313C8966F7}.Debug|x64.Build.0 = Debug|x64
		{006E085A-46F1-40C2-BA57-E1313C8966F7}.Debug|x64.Deploy.0 = Debug|x64
		{006E085A-46F1-40C2-BA57-E1313C8966F7}.Debug|x86.ActiveCfg = Debug|x86
		{006E085A-46F1-40C2-BA57-E1313C8966F7}.Debug|x86.Build.0 = Debug|x86
		{006E085A-46F1-40C2-BA57-E1313C8966F7}.Debug|x86.Deploy.0 = Debug|x86
		{006E085A-46F1-40C2-BA57-E1313C8966F7}.Release|ARM.ActiveCfg = Release|ARM
		{006E085A-46F1-40C2-BA57-E1313C8966F7}.Release|ARM.Build.0 = Release|ARM
		{006E085A-46F1-40C2-BA57-E1313C8966F7}.Release|ARM.Deploy.0 = Release|ARM
		{006E085A-46F1-40C2-BA57-E1313C8966F7}.Release|ARM64.ActiveCfg = Release|ARM64
		{006E085A-46F1-40C2-BA57-E1313C8966F7}.Release|ARM64.Build.0 = Release|ARM64
		{006E085A-46F1-40C2-BA57-E1313C8966F7}.Release|ARM64.Deploy.0 = Release|ARM64
		{006E085A-46F1-40C2-BA57-E1313C8966F7}.Release|x64.ActiveCfg = Release|x64
		{006E085A-46F1-40C2-BA57-E1313C8966F7}.Release|x64.Build.0 = Release|x64
		{006E085A-46F1-40C2-BA57-E1313C8966F7}.Release|x64.Deploy.0 = Release|x64
		{006E085A-46F1-40C2-BA57-E1313C8966F7}.Release|x86.ActiveCfg = Release|x86
		{006E085A-46F1-40C2-BA57-E1313C8966F7}.Release|x86.Build.0 = Release|x86
		{006E085A-46F1-40C2-BA57-E1313C8966F7}.Release|x86.Deploy.0 = Release|x86
		{98179949-D2E6-4E63-B756-C0100EA19115}.Debug|ARM.ActiveCfg = Debug|ARM
		{98179949-D2E6-4E63-B756-C0100EA19115}.Debug|ARM.Build.0 = Debug|ARM
		{98179949-D2E6-4E63-B756-C0100EA19115}.Debug|ARM.Deploy.0 = Debug|ARM
		{98179949-D2E6-4E63-B756-C0100EA19115}.Debug|ARM64.ActiveCfg = Debug|ARM64
		{98179949-D2E6-4E63-B756-C0100EA19115}.Debug|ARM64.Build.0 = Debug|ARM64
		{98179949-D2E6-4E63-B756-C0100EA19115}.Debug|ARM64.Deploy.0 = Debug|ARM64
		{98179949-D2E6-4E63-B756-C0100EA19115}.Debug|x64.ActiveCfg = Debug|x64
		{98179949-D2E6-4E63-B756-C0100EA19115}.Debug|x64.Build.0 = Debug|x64
		{98179949-D2E6-4E63-B756-C0100EA19115}.Debug|x64.Deploy.0 = Debug|x64
		{98179949-D2E6-4E63-B756-C0100EA19115}.Debug|x86.ActiveCfg = Debug|x86
		{98179949-D2E6-4E63-B756-C0100EA19115}.Debug|x86.Build.0 = Debug|x86
		{98179949-D2E6-4E63-B756-C0100EA19115}.Debug|x86.Deploy.0 = Debug|x86
		{98179949-D2E6-4E63-B756-C0100EA19115}.Release|ARM.ActiveCfg = Release|ARM
		{98179949-D2E6-4E63-B756-C0100EA19115}.Release|ARM.Build.0 = Release|ARM
		{98179949-D2E6-4E63-B756-C0100EA19115}.Release|ARM.Deploy.0 = Release|ARM
		{98179949-D2E6-4E63-B756-C0100EA19115}.Release|ARM64.ActiveCfg = Release|ARM64
		{98179949-D2E6-4E63-B756-C0100EA19115}.Release|ARM64.Build.0 = Release|ARM64
		{98179949-D2E6-4E63-B756-C0100EA19115}.Release|ARM64.Deploy.0 = Release|ARM64
		{98179949-D2E6-4E63-B756-C0100EA19115}.Release|x64.ActiveCfg = Release|x64
		{98179949-D2E6-4E63-B756-C0100EA19115}.Release|x64.Build.0 = Release|x64
		{98179949-D2E6-4E63-B756-C0100EA19115}.Release|x64.Deploy.0 = Release|x64
		{98179949-D2E6-4E63-B756-C0100EA19115}.Release|x86.ActiveCfg = Release|x86
		{98179949-D2E6-4E63-B756-C0100EA19115}.Release|x86.Build.0 = Release|x86
		{98179949-D2E6-4E63-B756-C0100EA19115}.Release|x86.Deploy.0 = Release|x86
		{B21F15F5-0938-40CE-898B-14DB31756BEF}.Debug|ARM.ActiveCfg = Debug|ARM
		{B21F15F5-0938-40CE-898B-14DB31756BEF}.Debug|ARM.Build.0 = Debug|ARM
		{B21F15F5-0938-40CE-898B-14DB31756BEF}.Debug|ARM.Deploy.0 = Debug|ARM
		{B21F15F5-0938-40CE-898B-14DB31756BEF}.Debug|ARM64.ActiveCfg = Debug|ARM64
		{B21F15F5-0938-40CE-898B-14DB31756BEF}.Debug|ARM64.Build.0 = Debug|ARM64
		{B21F15F5-0938-40CE-898B-14DB31756BEF}.Debug|ARM64.Deploy.0 = Debug|ARM64
		{B21F15F5-0938-40CE-898B-14DB31756BEF}.Debug|x64.ActiveCfg = Debug|x64
		{B21F15F5-0938-40CE-898B-14DB31756BEF}.Debug|x64.Build.0 = Debug|x64
		{B21F15F5-0938-40CE-898B-14DB31756BEF}.Debug|x64.Deploy.0 = Debug|x64
		{B21F15F5-0938-40CE-898B-14DB31756BEF}.Debug|x86.ActiveCfg = Debug|x86
		{B21F15F5-0938-40CE-898B-14DB31756BEF}.Debug|x86.Build.0 = Debug|x86
		{B21F15F5-0938-40CE-898B-14DB31756BEF}.Debug|x86.Deploy.0 = Debug|x86
		{B21F15F5-0938-40CE-898B-14DB31756BEF}.Release|ARM.ActiveCfg = Release|ARM
		{B21F15F5-0938-40CE-898B-14DB31756BEF}.Release|ARM.Build.0 = Release|ARM
		{B21F15F5-0938-40CE-898B-14DB31756BEF}.Release|ARM.Deploy.0 = Release|ARM
		{B21F15F5-0938-40CE-898B-14DB31756BEF}.Release|ARM64.ActiveCfg = Release|ARM64
		{B21F15F5-0938-40CE-898B-14DB31756BEF}.Release|ARM64.Build.0 = Release|ARM64
		{B21F15F5-0938-40CE-898B-14DB31756BEF}.Release|ARM64.Deploy.0 = Release|ARM64
		{B21F15F5-0938-40CE-898B-14DB31756BEF}.Release|x64.ActiveCfg = Release|x64
		{B21F15F5-0938-40CE-898B-14DB31756BEF}.Release|x64.Build.0 = Release|x64
		{B21F15F5-0938-40CE-898B-14DB31756BEF}.Release|x64.Deploy.0 = Release|x64
		{B21F15F5-0938-40CE-898B-14DB31756BEF}.Release|x86.ActiveCfg = Release|x86
		{B21F15F5-0938-40CE-898B-14DB31756BEF}.Release|x86.Build.0 = Release|x86
		{B21F15F5-0938-40CE-898B-14DB31756BEF}.Release|x86.Deploy.0 = Release|x86
		{A6422947-9285-4DEE-95EE-A3C8B2D8F427}.Debug|ARM.ActiveCfg = Debug|ARM
		{A6422947-9285-4DEE-95EE-A3C8B2D8F427}.Debug|ARM.Build.0 = Debug|ARM
		{A6422947-9285-4DEE-95EE-A3C8B2D8F427}.Debug|ARM.Deploy.0 = Debug|ARM
		{A6422947-9285-4DEE-95EE-A3C8B2D8F427}.Debug|ARM64.ActiveCfg = Debug|ARM64
		{A6422947-9285-4DEE-95EE-A3C8B2D8F427}.Debug|ARM64.Build.0 = Debug|ARM64
		{A6422947-9285-4DEE-95EE-A3C8B2D8F427}.Debug|ARM64.Deploy.0 = Debug|ARM64
		{A6422947-9285-4DEE-95EE-A3C8B2D8F427}.Debug|x64.ActiveCfg = Debug|x64
		{A6422947-9285-4DEE-95EE-A3C8B2D8F427}.Debug|x64.Build.0 = Debug|x64
		{A6422947-9285-4DEE-95EE-A3C8B2D8F427}.Debug|x64.Deploy.0 = Debug|x64
		{A6422947-9285-4DEE-95EE-A3C8B2D8F427}.Debug|x86.ActiveCfg = Debug|x86
		{A6422947-9285-4DEE-95EE-A3C8B2D8F427}.Debug|x86.Build.0 = Debug|x86
		{A6422947-9285-4DEE-95EE-A3C8B2D8F427}.Debug|x86.Deploy.0 = Debug|x86
		{A6422947-9285-4DEE-95EE-A3C8B2D8F427}.Release|ARM.ActiveCfg = Release|ARM
		{A6422947-9285-4DEE-95EE-A3C8B2D8F427}.Release|ARM.Build.0 = Release|ARM
		{A6422947-9285-4DEE-95EE-A3C8B2D8F427}.Release|ARM.Deploy.0 = Release|ARM
		{A6422947-9285-4DEE-95EE-A3C8B2D8F427}.Release|ARM64.ActiveCfg = Release|ARM64
		{A6422947-9285-4DEE-95EE-A3C8B2D8F427}.Release|ARM64.Build.0 = Release|ARM64
		{A6422947-9285-4DEE-95EE-A3C8B2D8F427}.Release|ARM64.Deploy.0 = Release|ARM64
		{A6422947-9285-4DEE-95EE-A3C8B2D8F427}.Release|x64.ActiveCfg = Release|x64
		{A6422947-9285-4DEE-95EE-A3C8B2D8F427}.Release|x64.Build.0 = Release|x64
		{A6422947-9285-4DEE-95EE-A3C8B2D8F427}.Release|x64.Deploy.0 = Release|x64
		{A6422947-9285-4DEE-95EE-A3C8B2D8F427}.Release|x86.ActiveCfg = Release|x86
		{A6422947-9285-4DEE-95EE-A3C8B2D8F427}.Release|x86.Build.0 = Release|x86
		{A6422947-9285-4DEE-95EE-A3C8B2D8F427}.Release|x86.Deploy.0 = Release|x86
		{290697CE-6B88-4D61-9FFB-C7805A598671}.Debug|ARM.ActiveCfg = Debug|ARM
		{290697CE-6B88-4D61-9FFB-C7805A598671}.Debug|ARM.Build.0 = Debug|ARM
		{290697CE-6B88-4D61-9FFB-C7805A598671}.Debug|ARM.Deploy.0 = Debug|ARM
		{290697CE-6B88-4D61-9FFB-C7805A598671}.Debug|ARM64.ActiveCfg = Debug|ARM64
		{290697CE-6B88-4D61-9FFB-C7805A598671}.Debug|ARM64.Build.0 = Debug|ARM64
		{290697CE-6B88-4D61-9FFB-C7805A598671}.Debug|ARM64.Deploy.0 = Debug|ARM64
		{290697CE-6B88-4D61-9FFB-C7805A598671}.Debug|x64.ActiveCfg = Debug|x64
		{290697CE-6B88-4D61-9FFB-C7805A598671}.Debug|x64.Build.0 = Debug|x64
		{290697CE-6B88-4D61-9FFB-C7805A598671}.Debug|x64.Deploy.0 = Debug|x64
		{290697CE-6B88-4D61-9FFB-C7805A598671}.Debug|x86.ActiveCfg = Debug|x86
		{290697CE-6B88-4D61-9FFB-C7805A598671}.Debug|x86.Build.0 = Debug|x86
		{290697CE-6B88-4D61-9FFB-C7805A598671}.Debug|x86.Deploy.0 = Debug|x86
		{290697CE-6B88-4D61-9FFB-C7805A598671}.Release|ARM.ActiveCfg = Release|ARM
		{290697CE-6B88-4D61-9FFB-C7805A598671}.Release|ARM.Build.0 = Release|ARM
		{290697CE-6B88-4D61-9FFB-C7805A598671}.Release|ARM.Deploy.0 = Release|ARM
		{290697CE-6B88-4D61-9FFB-C7805A598671}.Release|ARM64.ActiveCfg = Release|ARM64
		{290697CE-6B88-4D61-9FFB-C7805A598671}.Release|ARM64.Build.0 = Release|ARM64
		{290697CE-6B88-4D61-9FFB-C7805A598671}.Release|ARM64.Deploy.0 = Release|ARM64
		{290697CE-6B88-4D61-9FFB-C7805A598671}.Release|x64.ActiveCfg = Release|x64
		{290697CE-6B88-4D61-9FFB-C7805A598671}.Release|x64.Build.0 = Release|x64
		{290697CE-6B88-4D61-9FFB-C7805A598671}.Release|x64.Deploy.0 = Release|x64
		{290697CE-6B88-4D61-9FFB-C7805A598671}.Release|x86.ActiveCfg = Release|x86
		{290697CE-6B88-4D61-9FFB-C7805A598671}.Release|x86.Build.0 = Release|x86
		{290697CE-6B88-4D61-9FFB-C7805A598671}.Release|x86.Deploy.0 = Release|x86
		{84B06743-7D94-45BA-83B5-90B777B808B6}.Debug|ARM.ActiveCfg = Debug|ARM
		{84B06743-7D94-45BA-83B5-90B777B808B6}.Debug|ARM.Build.0 = Debug|ARM
		{84B06743-7D94-45BA-83B5-90B777B808B6}.Debug|ARM.Deploy.0 = Debug|ARM
		{84B06743-7D94-45BA-83B5-90B777B808B6}.Debug|ARM64.ActiveCfg = Debug|ARM64
		{84B06743-7D94-45BA-83B5-90B777B808B6}.Debug|ARM64.Build.0 = Debug|ARM64
		{84B06743-7D94-45BA-83B5-90B777B808B6}.Debug|ARM64.Deploy.0 = Debug|ARM64
		{84B06743-7D94-45BA-83B5-90B777B808B6}.Debug|x64.ActiveCfg = Debug|x64
		{84B06743-7D94-45BA-83B5-90B777B808B6}.Debug|x64.Build.0 = Debug|x64
		{84B06743-7D94-45BA-83B5-90B777B808B6}.Debug|x64.Deploy.0 = Debug|x64
		{84B06743-7D94-45BA-83B5-90B777B808B6}.Debug|x86.ActiveCfg = Debug|x86
		{84B06743-7D94-45BA-83B5-90B777B808B6}.Debug|x86.Build.0 = Debug|x86
		{84B06743-7D94-45BA-83B5-90B777B808B6}.Debug|x86.Deploy.0 = Debug|x86
		{84B06743-7D94-45BA-83B5-90B777B808B6}.Release|ARM.ActiveCfg = Release|ARM
		{84B06743-7D94-45BA-83B5-90B777B808B6}.Release|ARM.Build.0 = Release|ARM
		{84B06743-7D94-45BA-83B5-90B777B808B6}.Release|ARM.Deploy.0 = Release|ARM
		{84B06743-7D94-45BA-83B5-90B777B808B6}.Release|ARM64.ActiveCfg = Release|ARM64
		{84B06743-7D94-45BA-83B5-90B777B808B6}.Release|ARM64.Build.0 = Release|ARM64
		{84B06743-7D94-45BA-83B5-90B777B808B6}.Release|ARM64.Deploy.0 = Release|ARM64
		{84B06743-7D94-45BA-83B5-90B777B808B6}.Release|x64.ActiveCfg = Release|x64
		{84B06743-7D94-45BA-83B5-90B777B808B6}.Release|x64.Build.0 = Release|x64
		{84B06743-7D94-45BA-83B5-90B777B808B6}.Release|x64.Deploy.0 = Release|x64
		{84B06743-7D94-45BA-83B5-90B777B808B6}.Release|x86.ActiveCfg = Release|x86
		{84B06743-7D94-45BA-83B5-90B777B808B6}.Release|x86.Build.0 = Release|x86
		{84B06743-7D94-45BA-83B5-90B777B808B6}.Release|x86.Deploy.0 = Release|x86
		{F65DE489-BC6A-4ADD-AFA0-98EED08D3FFC}.Debug|ARM.ActiveCfg = Debug|ARM
		{F65DE489-BC6A-4ADD-AFA0-98EED08D3FFC}.Debug|ARM.Build.0 = Debug|ARM
		{F65DE489-BC6A-4ADD-AFA0-98EED08D3FFC}.Debug|ARM.Deploy.0 = Debug|ARM
		{F65DE489-BC6A-4ADD-AFA0-98EED08D3FFC}.Debug|ARM64.ActiveCfg = Debug|ARM64
		{F65DE489-BC6A-4ADD-AFA0-98EED08D3FFC}.Debug|ARM64.Build.0 = Debug|ARM64
		{F65DE489-BC6A-4ADD-AFA0-98EED08D3FFC}.Debug|ARM64.Deploy.0 = Debug|ARM64
		{F65DE489-BC6A-4ADD-AFA0-98EED08D3FFC}.Debug|x64.ActiveCfg = Debug|x64
		{F65DE489-BC6A-4ADD-AFA0-98EED08D3FFC}.Debug|x64.Build.0 = Debug|x64
		{F65DE489-BC6A-4ADD-AFA0-98EED08D3FFC}.Debug|x64.Deploy.0 = Debug|x64
		{F65DE489-BC6A-4ADD-AFA0-98EED08D3FFC}.Debug|x86.ActiveCfg = Debug|x86
		{F65DE489-BC6A-4ADD-AFA0-98EED08D3FFC}.Debug|x86.Build.0 = Debug|x86
		{F65DE489-BC6A-4ADD-AFA0-98EED08D3FFC}.Debug|x86.Deploy.0 = Debug|x86
		{F65DE489-BC6A-4ADD-AFA0-98EED08D3FFC}.Release|ARM.ActiveCfg = Release|ARM
		{F65DE489-BC6A-4ADD-AFA0-98EED08D3FFC}.Release|ARM.Build.0 = Release|ARM
		{F65DE489-BC6A-4ADD-AFA0-98EED08D3FFC}.Release|ARM.Deploy.0 = Release|ARM
		{F65DE489-BC6A-4ADD-AFA0-98EED08D3FFC}.Release|ARM64.ActiveCfg = Release|ARM64
		{F65DE489-BC6A-4ADD-AFA0-98EED08D3FFC}.Release|ARM64.Build.0 = Release|ARM64
		{F65DE489-BC6A-4ADD-AFA0-98EED08D3FFC}.Release|ARM64.Deploy.0 = Release|ARM64
		{F65DE489-BC6A-4ADD-AFA0-98EED08D3FFC}.Release|x64.ActiveCfg = Release|x64
		{F65DE489-BC6A-4ADD-AFA0-98EED08D3FFC}.Release|x64.Build.0 = Release|x64
		{F65DE489-BC6A-4ADD-AFA0-98EED08D3FFC}.Release|x64.Deploy.0 = Release|x64
		{F65DE489-BC6A-4ADD-AFA0-98EED08D3FFC}.Release|x86.ActiveCfg = Release|x86
		{F65DE489-BC6A-4ADD-AFA0-98EED08D3FFC}.Release|x86.Build.0 = Release|x86
		{F65DE489-BC6A-4ADD-AFA0-98EED08D3FFC}.Release|x86.Deploy.0 = Release|x86
		{611876DB-8D8D-4E54-973E-6C67E0731B87}.Debug|ARM.ActiveCfg = Debug|ARM
		{611876DB-8D8D-4E54-973E-6C67E0731B87}.Debug|ARM.Build.0 = Debug|ARM
		{611876DB-8D8D-4E54-973E-6C67E0731B87}.Debug|ARM.Deploy.0 = Debug|ARM
		{611876DB-8D8D-4E54-973E-6C67E0731B87}.Debug|ARM64.ActiveCfg = Debug|ARM64
		{611876DB-8D8D-4E54-973E-6C67E0731B87}.Debug|ARM64.Build.0 = Debug|ARM64
		{611876DB-8D8D-4E54-973E-6C67E0731B87}.Debug|ARM64.Deploy.0 = Debug|ARM64
		{611876DB-8D8D-4E54-973E-6C67E0731B87}.Debug|x64.ActiveCfg = Debug|x64
		{611876DB-8D8D-4E54-973E-6C67E0731B87}.Debug|x64.Build.0 = Debug|x64
		{611876DB-8D8D-4E54-973E-6C67E0731B87}.Debug|x64.Deploy.0 = Debug|x64
		{611876DB-8D8D-4E54-973E-6C67E0731B87}.Debug|x86.ActiveCfg = Debug|x86
		{611876DB-8D8D-4E54-973E-6C67E0731B87}.Debug|x86.Build.0 = Debug|x86
		{611876DB-8D8D-4E54-973E-6C67E0731B87}.Debug|x86.Deploy.0 = Debug|x86
		{611876DB-8D8D-4E54-973E-6C67E0731B87}.Release|ARM.ActiveCfg = Release|ARM
		{611876DB-8D8D-4E54-973E-6C67E0731B87}.Release|ARM.Build.0 = Release|ARM
		{611876DB-8D8D-4E54-973E-6C67E0731B87}.Release|ARM.Deploy.0 = Release|ARM
		{611876DB-8D8D-4E54-973E-6C67E0731B87}.Release|ARM64.ActiveCfg = Release|ARM64
		{611876DB-8D8D-4E54-973E-6C67E0731B87}.Release|ARM64.Build.0 = Release|ARM64
		{611876DB-8D8D-4E54-973E-6C67E0731B87}.Release|ARM64.Deploy.0 = Release|ARM64
		{611876DB-8D8D-4E54-973E-6C67E0731B87}.Release|x64.ActiveCfg = Release|x64
		{611876DB-8D8D-4E54-973E-6C67E0731B87}.Release|x64.Build.0 = Release|x64
		{611876DB-8D8D-4E54-973E-6C67E0731B87}.Release|x64.Deploy.0 = Release|x64
		{611876DB-8D8D-4E54-973E-6C67E0731B87}.Release|x86.ActiveCfg = Release|x86
		{611876DB-8D8D-4E54-973E-6C67E0731B87}.Release|x86.Build.0 = Release|x86
		{611876DB-8D8D-4E54-973E-6C67E0731B87}.Release|x86.Deploy.0 = Release|x86
		{23242466-3FA2-4656-B7A6-FE77BEA44A99}.Debug|ARM.ActiveCfg = Debug|ARM
		{23242466-3FA2-4656-B7A6-FE77BEA44A99}.Debug|ARM.Build.0 = Debug|ARM
		{23242466-3FA2-4656-B7A6-FE77BEA44A99}.Debug|ARM.Deploy.0 = Debug|ARM
		{23242466-3FA2-4656-B7A6-FE77BEA44A99}.Debug|ARM64.ActiveCfg = Debug|ARM64
		{23242466-3FA2-4656-B7A6-FE77BEA44A99}.Debug|ARM64.Build.0 = Debug|ARM64
		{23242466-3FA2-4656-B7A6-FE77BEA44A99}.Debug|ARM64.Deploy.0 = Debug|ARM64
		{23242466-3FA2-4656-B7A6-FE77BEA44A99}.Debug|x64.ActiveCfg = Debug|x64
		{23242466-3FA2-4656-B7A6-FE77BEA44A99}.Debug|x64.Build.0 = Debug|x64
		{23242466-3FA2-4656-B7A6-FE77BEA44A99}.Debug|x64.Deploy.0 = Debug|x64
		{23242466-3FA2-4656-B7A6-FE77BEA44A99}.Debug|x86.ActiveCfg = Debug|x86
		{23242466-3FA2-4656-B7A6-FE77BEA44A99}.Debug|x86.Build.0 = Debug|x86
		{23242466-3FA2-4656-B7A6-FE77BEA44A99}.Debug|x86.Deploy.0 = Debug|x86
		{23242466-3FA2-4656-B7A6-FE77BEA44A99}.Release|ARM.ActiveCfg = Release|ARM
		{23242466-3FA2-4656-B7A6-FE77BEA44A99}.Release|ARM.Build.0 = Release|ARM
		{23242466-3FA2-4656-B7A6-FE77BEA44A99}.Release|ARM.Deploy.0 = Release|ARM
		{23242466-3FA2-4656-B7A6-FE77BEA44A99}.Release|ARM64.ActiveCfg = Release|ARM64
		{23242466-3FA2-4656-B7A6-FE77BEA44A99}.Release|ARM64.Build.0 = Release|ARM64
		{23242466-3FA2-4656-B7A6-FE77BEA44A99}.Release|ARM64.Deploy.0 = Release|ARM64
		{23242466-3FA2-4656-B7A6-FE77BEA44A99}.Release|x64.ActiveCfg = Release|x64
		{23242466-3FA2-4656-B7A6-FE77BEA44A99}.Release|x64.Build.0 = Release|x64
		{23242466-3FA2-4656-B7A6-FE77BEA44A99}.Release|x64.Deploy.0 = Release|x64
		{23242466-3FA2-4656-B7A6-FE77BEA44A99}.Release|x86.ActiveCfg = Release|x86
		{23242466-3FA2-4656-B7A6-FE77BEA44A99}.Release|x86.Build.0 = Release|x86
		{23242466-3FA2-4656-B7A6-FE77BEA44A99}.Release|x86.Deploy.0 = Release|x86
		{C4613D98-E7A9-4C2C-A2F8-8DB54EEE5D5D}.Debug|ARM.ActiveCfg = Debug|ARM
		{C4613D98-E7A9-4C2C-A2F8-8DB54EEE5D5D}.Debug|ARM.Build.0 = Debug|ARM
		{C4613D98-E7A9-4C2C-A2F8-8DB54EEE5D5D}.Debug|ARM.Deploy.0 = Debug|ARM
		{C4613D98-E7A9-4C2C-A2F8-8DB54EEE5D5D}.Debug|ARM64.ActiveCfg = Debug|ARM64
		{C4613D98-E7A9-4C2C-A2F8-8DB54EEE5D5D}.Debug|ARM64.Build.0 = Debug|ARM64
		{C4613D98-E7A9-4C2C-A2F8-8DB54EEE5D5D}.Debug|ARM64.Deploy.0 = Debug|ARM64
		{C4613D98-E7A9-4C2C-A2F8-8DB54EEE5D5D}.Debug|x64.ActiveCfg = Debug|x64
		{C4613D98-E7A9-4C2C-A2F8-8DB54EEE5D5D}.Debug|x64.Build.0 = Debug|x64
		{C4613D98-E7A9-4C2C-A2F8-8DB54EEE5D5D}.Debug|x64.Deploy.0 = Debug|x64
		{C4613D98-E7A9-4C2C-A2F8-8DB54EEE5D5D}.Debug|x86.ActiveCfg = Debug|x86
		{C4613D98-E7A9-4C2C-A2F8-8DB54EEE5D5D}.Debug|x86.Build.0 = Debug|x86
		{C4613D98-E7A9-4C2C-A2F8-8DB54EEE5D5D}.Debug|x86.Deploy.0 = Debug|x86
		{C4613D98-E7A9-4C2C-A2F8-8DB54EEE5D5D}.Release|ARM.ActiveCfg = Release|ARM
		{C4613D98-E7A9-4C2C-A2F8-8DB54EEE5D5D}.Release|ARM.Build.0 = Release|ARM
		{C4613D98-E7A9-4C2C-A2F8-8DB54EEE5D5D}.Release|ARM.Deploy.0 = Release|ARM
		{C4613D98-E7A9-4C2C-A2F8-8DB54EEE5D5D}.Release|ARM64.ActiveCfg = Release|ARM64
		{C4613D98-E7A9-4C2C-A2F8-8DB54EEE5D5D}.Release|ARM64.Build.0 = Release|ARM64
		{C4613D98-E7A9-4C2C-A2F8-8DB54EEE5D5D}.Release|ARM64.Deploy.0 = Release|ARM64
		{C4613D98-E7A9-4C2C-A2F8-8DB54EEE5D5D}.Release|x64.ActiveCfg = Release|x64
		{C4613D98-E7A9-4C2C-A2F8-8DB54EEE5D5D}.Release|x64.Build.0 = Release|x64
		{C4613D98-E7A9-4C2C-A2F8-8DB54EEE5D5D}.Release|x64.Deploy.0 = Release|x64
		{C4613D98-E7A9-4C2C-A2F8-8DB54EEE5D5D}.Release|x86.ActiveCfg = Release|x86
		{C4613D98-E7A9-4C2C-A2F8-8DB54EEE5D5D}.Release|x86.Build.0 = Release|x86
		{C4613D98-E7A9-4C2C-A2F8-8DB54EEE5D5D}.Release|x86.Deploy.0 = Release|x86
		{D9A06C84-509D-48B6-8740-D8E7F1355B09}.Debug|ARM.ActiveCfg = Debug|ARM
		{D9A06C84-509D-48B6-8740-D8E7F1355B09}.Debug|ARM.Build.0 = Debug|ARM
		{D9A06C84-509D-48B6-8740-D8E7F1355B09}.Debug|ARM.Deploy.0 = Debug|ARM
		{D9A06C84-509D-48B6-8740-D8E7F1355B09}.Debug|ARM64.ActiveCfg = Debug|ARM64
		{D9A06C84-509D-48B6-8740-D8E7F1355B09}.Debug|ARM64.Build.0 = Debug|ARM64
		{D9A06C84-509D-48B6-8740-D8E7F1355B09}.Debug|ARM64.Deploy.0 = Debug|ARM64
		{D9A06C84-509D-48B6-8740-D8E7F1355B09}.Debug|x64.ActiveCfg = Debug|x64
		{D9A06C84-509D-48B6-8740-D8E7F1355B09}.Debug|x64.Build.0 = Debug|x64
		{D9A06C84-509D-48B6-8740-D8E7F1355B09}.Debug|x64.Deploy.0 = Debug|x64
		{D9A06C84-509D-48B6-8740-D8E7F1355B09}.Debug|x86.ActiveCfg = Debug|x86
		{D9A06C84-509D-48B6-8740-D8E7F1355B09}.Debug|x86.Build.0 = Debug|x86
		{D9A06C84-509D-48B6-8740-D8E7F1355B09}.Debug|x86.Deploy.0 = Debug|x86
		{D9A06C84-509D-48B6-8740-D8E7F1355B09}.Release|ARM.ActiveCfg = Release|ARM
		{D9A06C84-509D-48B6-8740-D8E7F1355B09}.Release|ARM.Build.0 = Release|ARM
		{D9A06C84-509D-48B6-8740-D8E7F1355B09}.Release|ARM.Deploy.0 = Release|ARM
		{D9A06C84-509D-48B6-8740-D8E7F1355B09}.Release|ARM64.ActiveCfg = Release|ARM64
		{D9A06C84-509D-48B6-8740-D8E7F1355B09}.Release|ARM64.Build.0 = Release|ARM64
		{D9A06C84-509D-48B6-8740-D8E7F1355B09}.Release|ARM64.Deploy.0 = Release|ARM64
		{D9A06C84-509D-48B6-8740-D8E7F1355B09}.Release|x64.ActiveCfg = Release|x64
		{D9A06C84-509D-48B6-8740-D8E7F1355B09}.Release|x64.Build.0 = Release|x64
		{D9A06C84-509D-48B6-8740-D8E7F1355B09}.Release|x64.Deploy.0 = Release|x64
		{D9A06C84-509D-48B6-8740-D8E7F1355B09}.Release|x86.ActiveCfg = Release|x86
		{D9A06C84-509D-48B6-8740-D8E7F1355B09}.Release|x86.Build.0 = Release|x86
		{D9A06C84-509D-48B6-8740-D8E7F1355B09}.Release|x86.Deploy.0 = Release|x86
		{445E0C6F-4CB3-4210-B160-17C12B0ACB18}.Debug|ARM.ActiveCfg = Debug|ARM
		{445E0C6F-4CB3-4210-B160-17C12B0ACB18}.Debug|ARM.Build.0 = Debug|ARM
		{445E0C6F-4CB3-4210-B160-17C12B0ACB18}.Debug|ARM.Deploy.0 = Debug|ARM
		{445E0C6F-4CB3-4210-B160-17C12B0ACB18}.Debug|ARM64.ActiveCfg = Debug|ARM64
		{445E0C6F-4CB3-4210-B160-17C12B0ACB18}.Debug|ARM64.Build.0 = Debug|ARM64
		{445E0C6F-4CB3-4210-B160-17C12B0ACB18}.Debug|ARM64.Deploy.0 = Debug|ARM64
		{445E0C6F-4CB3-4210-B160-17C12B0ACB18}.Debug|x64.ActiveCfg = Debug|x64
		{445E0C6F-4CB3-4210-B160-17C12B0ACB18}.Debug|x64.Build.0 = Debug|x64
		{445E0C6F-4CB3-4210-B160-17C12B0ACB18}.Debug|x64.Deploy.0 = Debug|x64
		{445E0C6F-4CB3-4210-B160-17C12B0ACB18}.Debug|x86.ActiveCfg = Debug|x86
		{445E0C6F-4CB3-4210-B160-17C12B0ACB18}.Debug|x86.Build.0 = Debug|x86
		{445E0C6F-4CB3-4210-B160-17C12B0ACB18}.Debug|x86.Deploy.0 = Debug|x86
		{445E0C6F-4CB3-4210-B160-17C12B0ACB18}.Release|ARM.ActiveCfg = Release|ARM
		{445E0C6F-4CB3-4210-B160-17C12B0ACB18}.Release|ARM.Build.0 = Release|ARM
		{445E0C6F-4CB3-4210-B160-17C12B0ACB18}.Release|ARM.Deploy.0 = Release|ARM
		{445E0C6F-4CB3-4210-B160-17C12B0ACB18}.Release|ARM64.ActiveCfg = Release|ARM64
		{445E0C6F-4CB3-4210-B160-17C12B0ACB18}.Release|ARM64.Build.0 = Release|ARM64
		{445E0C6F-4CB3-4210-B160-17C12B0ACB18}.Release|ARM64.Deploy.0 = Release|ARM64
		{445E0C6F-4CB3-4210-B160-17C12B0ACB18}.Release|x64.ActiveCfg = Release|x64
		{445E0C6F-4CB3-4210-B160-17C12B0ACB18}.Release|x64.Build.0 = Release|x64
		{445E0C6F-4CB3-4210-B160-17C12B0ACB18}.Release|x64.Deploy.0 = Release|x64
		{445E0C6F-4CB3-4210-B160-17C12B0ACB18}.Release|x86.ActiveCfg = Release|x86
		{445E0C6F-4CB3-4210-B160-17C12B0ACB18}.Release|x86.Build.0 = Release|x86
		{445E0C6F-4CB3-4210-B160-17C12B0ACB18}.Release|x86.Deploy.0 = Release|x86
	EndGlobalSection
	GlobalSection(SolutionProperties) = preSolution
		HideSolutionNode = FALSE
	EndGlobalSection
	GlobalSection(ExtensibilityGlobals) = postSolution
		SolutionGuid = {9F1129B4-D25E-45CB-A83A-738F9DB4E123}
	EndGlobalSection
EndGlobal
